
Microsoft Visual Studio Solution File, Format Version 12.00
# Visual Studio Version 17
VisualStudioVersion = 17.5.33530.505
MinimumVisualStudioVersion = 10.0.40219.1
Project("{FAE04EC0-301F-11D3-BF4B-00C04F79EFBC}") = "EFInheritanceTest.MVC", "EFInheritanceTest.MVC\EFInheritanceTest.MVC.csproj", "{30568B32-C127-4FA0-B987-644945A91A1A}"
EndProject
Global
	GlobalSection(SolutionConfigurationPlatforms) = preSolution
		Debug|Any CPU = Debug|Any CPU
		Release|Any CPU = Release|Any CPU
	EndGlobalSection
	GlobalSection(ProjectConfigurationPlatforms) = postSolution
		{30568B32-C127-4FA0-B987-644945A91A1A}.Debug|Any CPU.ActiveCfg = Debug|Any CPU
		{30568B32-C127-4FA0-B987-644945A91A1A}.Debug|Any CPU.Build.0 = Debug|Any CPU
		{30568B32-C127-4FA0-B987-644945A91A1A}.Release|Any CPU.ActiveCfg = Release|Any CPU
		{30568B32-C127-4FA0-B987-644945A91A1A}.Release|Any CPU.Build.0 = Release|Any CPU
	EndGlobalSection
	GlobalSection(SolutionProperties) = preSolution
		HideSolutionNode = FALSE
	EndGlobalSection
	GlobalSection(ExtensibilityGlobals) = postSolution
		SolutionGuid = {05DD240D-CB98-427A-BD67-1BA632984BE9}
	EndGlobalSection
EndGlobal
